
Microsoft Visual Studio Solution File, Format Version 12.00
# Visual Studio Version 17
VisualStudioVersion = 17.10.35122.118
MinimumVisualStudioVersion = 10.0.40219.1
Project("{FAE04EC0-301F-11D3-BF4B-00C04F79EFBC}") = "web_api_v1", "web_api_v1.csproj", "{E2BF06A7-55B1-4439-A056-6A0A9E4B70EC}"
EndProject
Project("{FAE04EC0-301F-11D3-BF4B-00C04F79EFBC}") = "DB", "..\DB\DB.csproj", "{807CF5CA-982E-4803-80D9-EBD82BB0D3EF}"
EndProject
Project("{FAE04EC0-301F-11D3-BF4B-00C04F79EFBC}") = "Models", "..\Models\Models.csproj", "{F3C1F58C-A953-4DE6-9CC5-70918F48E8CD}"
EndProject
Global
	GlobalSection(SolutionConfigurationPlatforms) = preSolution
		Debug|Any CPU = Debug|Any CPU
		Release|Any CPU = Release|Any CPU
	EndGlobalSection
	GlobalSection(ProjectConfigurationPlatforms) = postSolution
		{E2BF06A7-55B1-4439-A056-6A0A9E4B70EC}.Debug|Any CPU.ActiveCfg = Debug|Any CPU
		{E2BF06A7-55B1-4439-A056-6A0A9E4B70EC}.Debug|Any CPU.Build.0 = Debug|Any CPU
		{E2BF06A7-55B1-4439-A056-6A0A9E4B70EC}.Release|Any CPU.ActiveCfg = Release|Any CPU
		{E2BF06A7-55B1-4439-A056-6A0A9E4B70EC}.Release|Any CPU.Build.0 = Release|Any CPU
		{807CF5CA-982E-4803-80D9-EBD82BB0D3EF}.Debug|Any CPU.ActiveCfg = Debug|Any CPU
		{807CF5CA-982E-4803-80D9-EBD82BB0D3EF}.Debug|Any CPU.Build.0 = Debug|Any CPU
		{807CF5CA-982E-4803-80D9-EBD82BB0D3EF}.Release|Any CPU.ActiveCfg = Release|Any CPU
		{807CF5CA-982E-4803-80D9-EBD82BB0D3EF}.Release|Any CPU.Build.0 = Release|Any CPU
		{F3C1F58C-A953-4DE6-9CC5-70918F48E8CD}.Debug|Any CPU.ActiveCfg = Debug|Any CPU
		{F3C1F58C-A953-4DE6-9CC5-70918F48E8CD}.Debug|Any CPU.Build.0 = Debug|Any CPU
		{F3C1F58C-A953-4DE6-9CC5-70918F48E8CD}.Release|Any CPU.ActiveCfg = Release|Any CPU
		{F3C1F58C-A953-4DE6-9CC5-70918F48E8CD}.Release|Any CPU.Build.0 = Release|Any CPU
	EndGlobalSection
	GlobalSection(SolutionProperties) = preSolution
		HideSolutionNode = FALSE
	EndGlobalSection
	GlobalSection(ExtensibilityGlobals) = postSolution
		SolutionGuid = {F79F43D9-DDFA-4427-AB57-5C965DBFC208}
	EndGlobalSection
EndGlobal
